{
  "name": "typescript",
  "version": "1.0.0",
  "lockfileVersion": 3,
  "requires": true,
  "packages": {
    "": {
      "name": "typescript",
      "version": "1.0.0",
      "dependencies": {
        "chimera-api": "file:../.."
      }
    },
    "../..": {
      "name": "chimera-api",
      "version": "1.1.2",
      "license": "AGPL-3.0",
      "dependencies": {
        "axios": "^1.4.0",
        "https-proxy-agent": "^7.0.1"
      },
      "devDependencies": {
        "@types/node": "^20.4.4",
        "cpy-cli": "^5.0.0"
      }
    },
    "node_modules/chimera-api": {
      "resolved": "../..",
      "link": true
    }
  }
}
